// !$*UTF8*$!
{
	archiveVersion = 1;
	classes = {
	};
	objectVersion = 50;
	objects = {

/* Begin PBXBuildFile section */
		49B20034238EBDF300A02482 /* AppDelegate.swift in Sources */ = {isa = PBXBuildFile; fileRef = 49B20033238EBDF300A02482 /* AppDelegate.swift */; };
		49B20036238EBDF300A02482 /* SceneDelegate.swift in Sources */ = {isa = PBXBuildFile; fileRef = 49B20035238EBDF300A02482 /* SceneDelegate.swift */; };
		49B20038238EBDF300A02482 /* ViewController.swift in Sources */ = {isa = PBXBuildFile; fileRef = 49B20037238EBDF300A02482 /* ViewController.swift */; };
		49B2003B238EBDF300A02482 /* Main.storyboard in Resources */ = {isa = PBXBuildFile; fileRef = 49B20039238EBDF300A02482 /* Main.storyboard */; };
		49B2003E238EBDF300A02482 /* FavouriteAuthors.xcdatamodeld in Sources */ = {isa = PBXBuildFile; fileRef = 49B2003C238EBDF300A02482 /* FavouriteAuthors.xcdatamodeld */; };
		49B20040238EBDF400A02482 /* Assets.xcassets in Resources */ = {isa = PBXBuildFile; fileRef = 49B2003F238EBDF400A02482 /* Assets.xcassets */; };
		49B20043238EBDF400A02482 /* LaunchScreen.storyboard in Resources */ = {isa = PBXBuildFile; fileRef = 49B20041238EBDF400A02482 /* LaunchScreen.storyboard */; };
		49B2004B238FD8F900A02482 /* SampleData.plist in Resources */ = {isa = PBXBuildFile; fileRef = 49B2004A238FD8F900A02482 /* SampleData.plist */; };
		49B2004E238FF72000A02482 /* Author+CoreDataClass.swift in Sources */ = {isa = PBXBuildFile; fileRef = 49B2004C238FF72000A02482 /* Author+CoreDataClass.swift */; };
		49B2004F238FF72000A02482 /* Author+CoreDataProperties.swift in Sources */ = {isa = PBXBuildFile; fileRef = 49B2004D238FF72000A02482 /* Author+CoreDataProperties.swift */; };
		49B2005123901D0500A02482 /* Extensions.swift in Sources */ = {isa = PBXBuildFile; fileRef = 49B2005023901D0500A02482 /* Extensions.swift */; };
/* End PBXBuildFile section */

/* Begin PBXFileReference section */
		49B20030238EBDF300A02482 /* FavouriteAuthors.app */ = {isa = PBXFileReference; explicitFileType = wrapper.application; includeInIndex = 0; path = FavouriteAuthors.app; sourceTree = BUILT_PRODUCTS_DIR; };
		49B20033238EBDF300A02482 /* AppDelegate.swift */ = {isa = PBXFileReference; lastKnownFileType = sourcecode.swift; path = AppDelegate.swift; sourceTree = "<group>"; };
		49B20035238EBDF300A02482 /* SceneDelegate.swift */ = {isa = PBXFileReference; lastKnownFileType = sourcecode.swift; path = SceneDelegate.swift; sourceTree = "<group>"; };
		49B20037238EBDF300A02482 /* ViewController.swift */ = {isa = PBXFileReference; lastKnownFileType = sourcecode.swift; path = ViewController.swift; sourceTree = "<group>"; };
		49B2003A238EBDF300A02482 /* Base */ = {isa = PBXFileReference; lastKnownFileType = file.storyboard; name = Base; path = Base.lproj/Main.storyboard; sourceTree = "<group>"; };
		49B2003D238EBDF300A02482 /* FavouriteAuthors.xcdatamodel */ = {isa = PBXFileReference; lastKnownFileType = wrapper.xcdatamodel; path = FavouriteAuthors.xcdatamodel; sourceTree = "<group>"; };
		49B2003F238EBDF400A02482 /* Assets.xcassets */ = {isa = PBXFileReference; lastKnownFileType = folder.assetcatalog; path = Assets.xcassets; sourceTree = "<group>"; };
		49B20042238EBDF400A02482 /* Base */ = {isa = PBXFileReference; lastKnownFileType = file.storyboard; name = Base; path = Base.lproj/LaunchScreen.storyboard; sourceTree = "<group>"; };
		49B20044238EBDF400A02482 /* Info.plist */ = {isa = PBXFileReference; lastKnownFileType = text.plist.xml; path = Info.plist; sourceTree = "<group>"; };
		49B2004A238FD8F900A02482 /* SampleData.plist */ = {isa = PBXFileReference; fileEncoding = 4; lastKnownFileType = text.plist.xml; path = SampleData.plist; sourceTree = "<group>"; };
		49B2004C238FF72000A02482 /* Author+CoreDataClass.swift */ = {isa = PBXFileReference; lastKnownFileType = sourcecode.swift; path = "Author+CoreDataClass.swift"; sourceTree = "<group>"; };
		49B2004D238FF72000A02482 /* Author+CoreDataProperties.swift */ = {isa = PBXFileReference; lastKnownFileType = sourcecode.swift; path = "Author+CoreDataProperties.swift"; sourceTree = "<group>"; };
		49B2005023901D0500A02482 /* Extensions.swift */ = {isa = PBXFileReference; lastKnownFileType = sourcecode.swift; path = Extensions.swift; sourceTree = "<group>"; };
/* End PBXFileReference section */

/* Begin PBXFrameworksBuildPhase section */
		49B2002D238EBDF300A02482 /* Frameworks */ = {
			isa = PBXFrameworksBuildPhase;
			buildActionMask = 2147483647;
			files = (
			);
			runOnlyForDeploymentPostprocessing = 0;
		};
/* End PBXFrameworksBuildPhase section */

/* Begin PBXGroup section */
		49B20027238EBDF300A02482 = {
			isa = PBXGroup;
			children = (
				49B20032238EBDF300A02482 /* FavouriteAuthors */,
				49B20031238EBDF300A02482 /* Products */,
			);
			sourceTree = "<group>";
		};
		49B20031238EBDF300A02482 /* Products */ = {
			isa = PBXGroup;
			children = (
				49B20030238EBDF300A02482 /* FavouriteAuthors.app */,
			);
			name = Products;
			sourceTree = "<group>";
		};
		49B20032238EBDF300A02482 /* FavouriteAuthors */ = {
			isa = PBXGroup;
			children = (
				49B2004C238FF72000A02482 /* Author+CoreDataClass.swift */,
				49B2004D238FF72000A02482 /* Author+CoreDataProperties.swift */,
				49B20033238EBDF300A02482 /* AppDelegate.swift */,
				49B20035238EBDF300A02482 /* SceneDelegate.swift */,
				49B20037238EBDF300A02482 /* ViewController.swift */,
				49B20039238EBDF300A02482 /* Main.storyboard */,
				49B2003F238EBDF400A02482 /* Assets.xcassets */,
				49B20041238EBDF400A02482 /* LaunchScreen.storyboard */,
				49B20044238EBDF400A02482 /* Info.plist */,
				49B2004A238FD8F900A02482 /* SampleData.plist */,
				49B2003C238EBDF300A02482 /* FavouriteAuthors.xcdatamodeld */,
				49B2005023901D0500A02482 /* Extensions.swift */,
			);
			path = FavouriteAuthors;
			sourceTree = "<group>";
		};
/* End PBXGroup section */

/* Begin PBXNativeTarget section */
		49B2002F238EBDF300A02482 /* FavouriteAuthors */ = {
			isa = PBXNativeTarget;
			buildConfigurationList = 49B20047238EBDF400A02482 /* Build configuration list for PBXNativeTarget "FavouriteAuthors" */;
			buildPhases = (
				49B2002C238EBDF300A02482 /* Sources */,
				49B2002D238EBDF300A02482 /* Frameworks */,
				49B2002E238EBDF300A02482 /* Resources */,
			);
			buildRules = (
			);
			dependencies = (
			);
			name = FavouriteAuthors;
			productName = FavouriteAuthors;
			productReference = 49B20030238EBDF300A02482 /* FavouriteAuthors.app */;
			productType = "com.apple.product-type.application";
		};
/* End PBXNativeTarget section */

/* Begin PBXProject section */
		49B20028238EBDF300A02482 /* Project object */ = {
			isa = PBXProject;
			attributes = {
				LastSwiftUpdateCheck = 1120;
				LastUpgradeCheck = 1120;
				ORGANIZATIONNAME = "Iordan, Raluca";
				TargetAttributes = {
					49B2002F238EBDF300A02482 = {
						CreatedOnToolsVersion = 11.2.1;
					};
				};
			};
			buildConfigurationList = 49B2002B238EBDF300A02482 /* Build configuration list for PBXProject "FavouriteAuthors" */;
			compatibilityVersion = "Xcode 9.3";
			developmentRegion = en;
			hasScannedForEncodings = 0;
			knownRegions = (
				en,
				Base,
			);
			mainGroup = 49B20027238EBDF300A02482;
			productRefGroup = 49B20031238EBDF300A02482 /* Products */;
			projectDirPath = "";
			projectRoot = "";
			targets = (
				49B2002F238EBDF300A02482 /* FavouriteAuthors */,
			);
		};
/* End PBXProject section */

/* Begin PBXResourcesBuildPhase section */
		49B2002E238EBDF300A02482 /* Resources */ = {
			isa = PBXResourcesBuildPhase;
			buildActionMask = 2147483647;
			files = (
				49B20043238EBDF400A02482 /* LaunchScreen.storyboard in Resources */,
				49B20040238EBDF400A02482 /* Assets.xcassets in Resources */,
				49B2004B238FD8F900A02482 /* SampleData.plist in Resources */,
				49B2003B238EBDF300A02482 /* Main.storyboard in Resources */,
			);
			runOnlyForDeploymentPostprocessing = 0;
		};
/* End PBXResourcesBuildPhase section */

/* Begin PBXSourcesBuildPhase section */
		49B2002C238EBDF300A02482 /* Sources */ = {
			isa = PBXSourcesBuildPhase;
			buildActionMask = 2147483647;
			files = (
				49B2003E238EBDF300A02482 /* FavouriteAuthors.xcdatamodeld in Sources */,
				49B20038238EBDF300A02482 /* ViewController.swift in Sources */,
				49B2004F238FF72000A02482 /* Author+CoreDataProperties.swift in Sources */,
				49B2004E238FF72000A02482 /* Author+CoreDataClass.swift in Sources */,
				49B20034238EBDF300A02482 /* AppDelegate.swift in Sources */,
				49B20036238EBDF300A02482 /* SceneDelegate.swift in Sources */,
				49B2005123901D0500A02482 /* Extensions.swift in Sources */,
			);
			runOnlyForDeploymentPostprocessing = 0;
		};
/* End PBXSourcesBuildPhase section */

/* Begin PBXVariantGroup section */
		49B20039238EBDF300A02482 /* Main.storyboard */ = {
			isa = PBXVariantGroup;
			children = (
				49B2003A238EBDF300A02482 /* Base */,
			);
			name = Main.storyboard;
			sourceTree = "<group>";
		};
		49B20041238EBDF400A02482 /* LaunchScreen.storyboard */ = {
			isa = PBXVariantGroup;
			children = (
				49B20042238EBDF400A02482 /* Base */,
			);
			name = LaunchScreen.storyboard;
			sourceTree = "<group>";
		};
/* End PBXVariantGroup section */

/* Begin XCBuildConfiguration section */
		49B20045238EBDF400A02482 /* Debug */ = {
			isa = XCBuildConfiguration;
			buildSettings = {
				ALWAYS_SEARCH_USER_PATHS = NO;
				CLANG_ANALYZER_NONNULL = YES;
				CLANG_ANALYZER_NUMBER_OBJECT_CONVERSION = YES_AGGRESSIVE;
				CLANG_CXX_LANGUAGE_STANDARD = "gnu++14";
				CLANG_CXX_LIBRARY = "libc++";
				CLANG_ENABLE_MODULES = YES;
				CLANG_ENABLE_OBJC_ARC = YES;
				CLANG_ENABLE_OBJC_WEAK = YES;
				CLANG_WARN_BLOCK_CAPTURE_AUTORELEASING = YES;
				CLANG_WARN_BOOL_CONVERSION = YES;
				CLANG_WARN_COMMA = YES;
				CLANG_WARN_CONSTANT_CONVERSION = YES;
				CLANG_WARN_DEPRECATED_OBJC_IMPLEMENTATIONS = YES;
				CLANG_WARN_DIRECT_OBJC_ISA_USAGE = YES_ERROR;
				CLANG_WARN_DOCUMENTATION_COMMENTS = YES;
				CLANG_WARN_EMPTY_BODY = YES;
				CLANG_WARN_ENUM_CONVERSION = YES;
				CLANG_WARN_INFINITE_RECURSION = YES;
				CLANG_WARN_INT_CONVERSION = YES;
				CLANG_WARN_NON_LITERAL_NULL_CONVERSION = YES;
				CLANG_WARN_OBJC_IMPLICIT_RETAIN_SELF = YES;
				CLANG_WARN_OBJC_LITERAL_CONVERSION = YES;
				CLANG_WARN_OBJC_ROOT_CLASS = YES_ERROR;
				CLANG_WARN_RANGE_LOOP_ANALYSIS = YES;
				CLANG_WARN_STRICT_PROTOTYPES = YES;
				CLANG_WARN_SUSPICIOUS_MOVE = YES;
				CLANG_WARN_UNGUARDED_AVAILABILITY = YES_AGGRESSIVE;
				CLANG_WARN_UNREACHABLE_CODE = YES;
				CLANG_WARN__DUPLICATE_METHOD_MATCH = YES;
				COPY_PHASE_STRIP = NO;
				DEBUG_INFORMATION_FORMAT = dwarf;
				ENABLE_STRICT_OBJC_MSGSEND = YES;
				ENABLE_TESTABILITY = YES;
				GCC_C_LANGUAGE_STANDARD = gnu11;
				GCC_DYNAMIC_NO_PIC = NO;
				GCC_NO_COMMON_BLOCKS = YES;
				GCC_OPTIMIZATION_LEVEL = 0;
				GCC_PREPROCESSOR_DEFINITIONS = (
					"DEBUG=1",
					"$(inherited)",
				);
				GCC_WARN_64_TO_32_BIT_CONVERSION = YES;
				GCC_WARN_ABOUT_RETURN_TYPE = YES_ERROR;
				GCC_WARN_UNDECLARED_SELECTOR = YES;
				GCC_WARN_UNINITIALIZED_AUTOS = YES_AGGRESSIVE;
				GCC_WARN_UNUSED_FUNCTION = YES;
				GCC_WARN_UNUSED_VARIABLE = YES;
				IPHONEOS_DEPLOYMENT_TARGET = 13.2;
				MTL_ENABLE_DEBUG_INFO = INCLUDE_SOURCE;
				MTL_FAST_MATH = YES;
				ONLY_ACTIVE_ARCH = YES;
				SDKROOT = iphoneos;
				SWIFT_ACTIVE_COMPILATION_CONDITIONS = DEBUG;
				SWIFT_OPTIMIZATION_LEVEL = "-Onone";
			};
			name = Debug;
		};
		49B20046238EBDF400A02482 /* Release */ = {
			isa = XCBuildConfiguration;
			buildSettings = {
				ALWAYS_SEARCH_USER_PATHS = NO;
				CLANG_ANALYZER_NONNULL = YES;
				CLANG_ANALYZER_NUMBER_OBJECT_CONVERSION = YES_AGGRESSIVE;
				CLANG_CXX_LANGUAGE_STANDARD = "gnu++14";
				CLANG_CXX_LIBRARY = "libc++";
				CLANG_ENABLE_MODULES = YES;
				CLANG_ENABLE_OBJC_ARC = YES;
				CLANG_ENABLE_OBJC_WEAK = YES;
				CLANG_WARN_BLOCK_CAPTURE_AUTORELEASING = YES;
				CLANG_WARN_BOOL_CONVERSION = YES;
				CLANG_WARN_COMMA = YES;
				CLANG_WARN_CONSTANT_CONVERSION = YES;
				CLANG_WARN_DEPRECATED_OBJC_IMPLEMENTATIONS = YES;
				CLANG_WARN_DIRECT_OBJC_ISA_USAGE = YES_ERROR;
				CLANG_WARN_DOCUMENTATION_COMMENTS = YES;
				CLANG_WARN_EMPTY_BODY = YES;
				CLANG_WARN_ENUM_CONVERSION = YES;
				CLANG_WARN_INFINITE_RECURSION = YES;
				CLANG_WARN_INT_CONVERSION = YES;
				CLANG_WARN_NON_LITERAL_NULL_CONVERSION = YES;
				CLANG_WARN_OBJC_IMPLICIT_RETAIN_SELF = YES;
				CLANG_WARN_OBJC_LITERAL_CONVERSION = YES;
				CLANG_WARN_OBJC_ROOT_CLASS = YES_ERROR;
				CLANG_WARN_RANGE_LOOP_ANALYSIS = YES;
				CLANG_WARN_STRICT_PROTOTYPES = YES;
				CLANG_WARN_SUSPICIOUS_MOVE = YES;
				CLANG_WARN_UNGUARDED_AVAILABILITY = YES_AGGRESSIVE;
				CLANG_WARN_UNREACHABLE_CODE = YES;
				CLANG_WARN__DUPLICATE_METHOD_MATCH = YES;
				COPY_PHASE_STRIP = NO;
				DEBUG_INFORMATION_FORMAT = "dwarf-with-dsym";
				ENABLE_NS_ASSERTIONS = NO;
				ENABLE_STRICT_OBJC_MSGSEND = YES;
				GCC_C_LANGUAGE_STANDARD = gnu11;
				GCC_NO_COMMON_BLOCKS = YES;
				GCC_WARN_64_TO_32_BIT_CONVERSION = YES;
				GCC_WARN_ABOUT_RETURN_TYPE = YES_ERROR;
				GCC_WARN_UNDECLARED_SELECTOR = YES;
				GCC_WARN_UNINITIALIZED_AUTOS = YES_AGGRESSIVE;
				GCC_WARN_UNUSED_FUNCTION = YES;
				GCC_WARN_UNUSED_VARIABLE = YES;
				IPHONEOS_DEPLOYMENT_TARGET = 13.2;
				MTL_ENABLE_DEBUG_INFO = NO;
				MTL_FAST_MATH = YES;
				SDKROOT = iphoneos;
				SWIFT_COMPILATION_MODE = wholemodule;
				SWIFT_OPTIMIZATION_LEVEL = "-O";
				VALIDATE_PRODUCT = YES;
			};
			name = Release;
		};
		49B20048238EBDF400A02482 /* Debug */ = {
			isa = XCBuildConfiguration;
			buildSettings = {
				ASSETCATALOG_COMPILER_APPICON_NAME = AppIcon;
				CODE_SIGN_STYLE = Automatic;
				DEVELOPMENT_TEAM = 3F2PU4KR2S;
				INFOPLIST_FILE = FavouriteAuthors/Info.plist;
				LD_RUNPATH_SEARCH_PATHS = (
					"$(inherited)",
					"@executable_path/Frameworks",
				);
				PRODUCT_BUNDLE_IDENTIFIER = Rilury.FavouriteAuthors;
				PRODUCT_NAME = "$(TARGET_NAME)";
				SWIFT_VERSION = 5.0;
				TARGETED_DEVICE_FAMILY = "1,2";
			};
			name = Debug;
		};
		49B20049238EBDF400A02482 /* Release */ = {
			isa = XCBuildConfiguration;
			buildSettings = {
				ASSETCATALOG_COMPILER_APPICON_NAME = AppIcon;
				CODE_SIGN_STYLE = Automatic;
				DEVELOPMENT_TEAM = 3F2PU4KR2S;
				INFOPLIST_FILE = FavouriteAuthors/Info.plist;
				LD_RUNPATH_SEARCH_PATHS = (
					"$(inherited)",
					"@executable_path/Frameworks",
				);
				PRODUCT_BUNDLE_IDENTIFIER = Rilury.FavouriteAuthors;
				PRODUCT_NAME = "$(TARGET_NAME)";
				SWIFT_VERSION = 5.0;
				TARGETED_DEVICE_FAMILY = "1,2";
			};
			name = Release;
		};
/* End XCBuildConfiguration section */

/* Begin XCConfigurationList section */
		49B2002B238EBDF300A02482 /* Build configuration list for PBXProject "FavouriteAuthors" */ = {
			isa = XCConfigurationList;
			buildConfigurations = (
				49B20045238EBDF400A02482 /* Debug */,
				49B20046238EBDF400A02482 /* Release */,
			);
			defaultConfigurationIsVisible = 0;
			defaultConfigurationName = Release;
		};
		49B20047238EBDF400A02482 /* Build configuration list for PBXNativeTarget "FavouriteAuthors" */ = {
			isa = XCConfigurationList;
			buildConfigurations = (
				49B20048238EBDF400A02482 /* Debug */,
				49B20049238EBDF400A02482 /* Release */,
			);
			defaultConfigurationIsVisible = 0;
			defaultConfigurationName = Release;
		};
/* End XCConfigurationList section */

/* Begin XCVersionGroup section */
		49B2003C238EBDF300A02482 /* FavouriteAuthors.xcdatamodeld */ = {
			isa = XCVersionGroup;
			children = (
				49B2003D238EBDF300A02482 /* FavouriteAuthors.xcdatamodel */,
			);
			currentVersion = 49B2003D238EBDF300A02482 /* FavouriteAuthors.xcdatamodel */;
			path = FavouriteAuthors.xcdatamodeld;
			sourceTree = "<group>";
			versionGroupType = wrapper.xcdatamodel;
		};
/* End XCVersionGroup section */
	};
	rootObject = 49B20028238EBDF300A02482 /* Project object */;
}
